{
    "name": "tslint-config-oberon",
    "version": "1.0.3",
    "lockfileVersion": 1,
    "requires": true,
    "dependencies": {
        "doctrine": {
            "version": "0.7.2",
            "resolved": "https://registry.npmjs.org/doctrine/-/doctrine-0.7.2.tgz",
            "integrity": "sha1-fLhgNZujvpDgQLJrcpzkv6ZUxSM=",
            "requires": {
                "esutils": "1.1.6",
                "isarray": "0.0.1"
            }
        },
        "esutils": {
            "version": "1.1.6",
            "resolved": "https://registry.npmjs.org/esutils/-/esutils-1.1.6.tgz",
            "integrity": "sha1-wBzKqa5LiXxtDD4hCuUvPHqEQ3U="
        },
        "isarray": {
            "version": "0.0.1",
            "resolved": "https://registry.npmjs.org/isarray/-/isarray-0.0.1.tgz",
            "integrity": "sha1-ihis/Kmo9Bd+Cav8YDiTmwXR7t8="
        },
        "tslib": {
            "version": "1.9.0",
            "resolved": "https://registry.npmjs.org/tslib/-/tslib-1.9.0.tgz",
            "integrity": "sha512-f/qGG2tUkrISBlQZEjEqoZ3B2+npJjIf04H1wuAv9iA8i04Icp+61KRXxFdha22670NJopsZCIjhC3SnjPRKrQ=="
        },
        "tslint-eslint-rules": {
            "version": "5.1.0",
            "resolved": "https://registry.npmjs.org/tslint-eslint-rules/-/tslint-eslint-rules-5.1.0.tgz",
            "integrity": "sha512-lNIaLDymwts58SmocvVxzY9DSDONwZhHMt8T0J4uFMQV4jgYMMAFa89oBhNl87WIoXO+h+H6uU8f41mM0wyIqw==",
            "requires": {
                "doctrine": "0.7.2",
                "tslib": "1.9.0",
                "tsutils": "2.8.0"
            }
        },
        "tslint-react": {
            "version": "3.5.1",
            "resolved": "https://registry.npmjs.org/tslint-react/-/tslint-react-3.5.1.tgz",
            "integrity": "sha512-ndS/iOOGrasATcf5YU3JxoIwPGVykjrKhzmlVsRdT1xzl/RbNg9n627rtAGbCjkQepyiaQYgxWQT5G/qUpQCaA==",
            "requires": {
                "tsutils": "2.26.2"
            },
            "dependencies": {
                "tsutils": {
                    "version": "2.26.2",
                    "resolved": "https://registry.npmjs.org/tsutils/-/tsutils-2.26.2.tgz",
                    "integrity": "sha512-uzwnhmrSbyinPCiwfzGsOY3IulBTwoky7r83HmZdz9QNCjhSCzavkh47KLWuU0zF2F2WbpmmzoJUIEiYyd+jEQ==",
                    "requires": {
                        "tslib": "1.9.0"
                    }
                }
            }
        },
        "tsutils": {
            "version": "2.8.0",
            "resolved": "https://registry.npmjs.org/tsutils/-/tsutils-2.8.0.tgz",
            "integrity": "sha1-AWAXNymzvxOGKN0UoVN+AIUdgUo=",
            "requires": {
                "tslib": "1.9.0"
            }
        }
    }
}
